{
  "nodes": {
    "firefox-addons": {
      "inputs": {
        "nixpkgs": [
          "nixpkgs"
        ]
      },
      "locked": {
        "dir": "pkgs/firefox-addons",
        "lastModified": 1747973023,
        "narHash": "sha256-v2OgykASspKAyL+hYKlfa9PM4cwlFZ7/WQ1uvd256ko=",
        "owner": "rycee",
        "repo": "nur-expressions",
        "rev": "c7ee05a5dc9b52ba7a6a660537fabaf711b7790a",
        "type": "gitlab"
      },
      "original": {
        "dir": "pkgs/firefox-addons",
        "owner": "rycee",
        "repo": "nur-expressions",
        "type": "gitlab"
      }
    },
    "home-manager": {
      "inputs": {
        "nixpkgs": [
          "nixpkgs"
        ]
      },
      "locked": {
        "lastModified": 1747978958,
        "narHash": "sha256-pQQnbxWpY3IiZqgelXHIe/OAE/Yv4NSQq7fch7M6nXQ=",
        "owner": "nix-community",
        "repo": "home-manager",
        "rev": "7419250703fd5eb50e99bdfb07a86671939103ea",
        "type": "github"
      },
      "original": {
        "owner": "nix-community",
        "repo": "home-manager",
        "type": "github"
      }
    },
    "nix-nvim": {
      "inputs": {
        "nixCats": "nixCats",
        "nixpkgs": [
          "nixpkgs"
        ],
        "plugins-spaceduck": "plugins-spaceduck"
      },
      "locked": {
        "lastModified": 1748036380,
        "narHash": "sha256-rnMtQ72Yh+uEeygncOgxF9C1xAvQgX62avHAkvT/b3M=",
        "owner": "b-swist",
        "repo": "nix-nvim",
        "rev": "e678b42635c0b06ec1174db9619d96c534209b96",
        "type": "github"
      },
      "original": {
        "owner": "b-swist",
        "repo": "nix-nvim",
        "type": "github"
      }
    },
    "nixCats": {
      "locked": {
        "lastModified": 1747402538,
        "narHash": "sha256-hqOngVDs86+L2tYseKLqhhJsgXWluwwmPFJByvMc1d4=",
        "owner": "BirdeeHub",
        "repo": "nixCats-nvim",
        "rev": "14e95095b612f2c438e00a0f60287d867e8abd69",
        "type": "github"
      },
      "original": {
        "owner": "BirdeeHub",
        "repo": "nixCats-nvim",
        "type": "github"
      }
    },
    "nixpkgs": {
      "locked": {
        "lastModified": 1747744144,
        "narHash": "sha256-W7lqHp0qZiENCDwUZ5EX/lNhxjMdNapFnbErcbnP11Q=",
        "owner": "NixOS",
        "repo": "nixpkgs",
        "rev": "2795c506fe8fb7b03c36ccb51f75b6df0ab2553f",
        "type": "github"
      },
      "original": {
        "id": "nixpkgs",
        "ref": "nixos-unstable",
        "type": "indirect"
      }
    },
    "plugins-spaceduck": {
      "flake": false,
      "locked": {
        "lastModified": 1703864850,
        "narHash": "sha256-5xkjUd84w9Wc2it1Hc9OlqmZxRk4yAaJcmaSjO9actg=",
        "owner": "spaceduck-theme",
        "repo": "nvim",
        "rev": "f476d6804114d04295ecad83979c7b3946b08010",
        "type": "github"
      },
      "original": {
        "owner": "spaceduck-theme",
        "repo": "nvim",
        "type": "github"
      }
    },
    "root": {
      "inputs": {
        "firefox-addons": "firefox-addons",
        "home-manager": "home-manager",
        "nix-nvim": "nix-nvim",
        "nixpkgs": "nixpkgs"
      }
    }
  },
  "root": "root",
  "version": 7
}
